// !$*UTF8*$!
{
	archiveVersion = 1;
	classes = {
	};
	objectVersion = 51;
	objects = {

/* Begin PBXBuildFile section */
		6D03C8A727931320002FD9AF /* AppDelegate.swift in Sources */ = {isa = PBXBuildFile; fileRef = 6D03C8A627931320002FD9AF /* AppDelegate.swift */; };
		6D03C8A927931320002FD9AF /* SceneDelegate.swift in Sources */ = {isa = PBXBuildFile; fileRef = 6D03C8A827931320002FD9AF /* SceneDelegate.swift */; };
		6D03C8AB27931320002FD9AF /* ViewController.swift in Sources */ = {isa = PBXBuildFile; fileRef = 6D03C8AA27931320002FD9AF /* ViewController.swift */; };
		6D03C8B027931321002FD9AF /* Assets.xcassets in Resources */ = {isa = PBXBuildFile; fileRef = 6D03C8AF27931321002FD9AF /* Assets.xcassets */; };
		6D03C8B327931321002FD9AF /* LaunchScreen.storyboard in Resources */ = {isa = PBXBuildFile; fileRef = 6D03C8B127931321002FD9AF /* LaunchScreen.storyboard */; };
		6D03C8C227931580002FD9AF /* MessengerListViewController.storyboard in Resources */ = {isa = PBXBuildFile; fileRef = 6D03C8C127931580002FD9AF /* MessengerListViewController.storyboard */; };
		6D03C8C5279315A2002FD9AF /* MessengerListViewController.swift in Sources */ = {isa = PBXBuildFile; fileRef = 6D03C8C4279315A2002FD9AF /* MessengerListViewController.swift */; };
		6D03C8CD27932B91002FD9AF /* MessengerCell.swift in Sources */ = {isa = PBXBuildFile; fileRef = 6D03C8CC27932B91002FD9AF /* MessengerCell.swift */; };
		6D6A46B427970070003175D5 /* MessengerViewModel.swift in Sources */ = {isa = PBXBuildFile; fileRef = 6D6A46B327970070003175D5 /* MessengerViewModel.swift */; };
		6D7F9738279741D600C08E18 /* ChatViewController.storyboard in Resources */ = {isa = PBXBuildFile; fileRef = 6D7F9737279741D600C08E18 /* ChatViewController.storyboard */; };
		6D7F973B279741F100C08E18 /* ChatViewController.swift in Sources */ = {isa = PBXBuildFile; fileRef = 6D7F973A279741F100C08E18 /* ChatViewController.swift */; };
		6DF5574D27960F9200291FB2 /* MessengerCell.xib in Resources */ = {isa = PBXBuildFile; fileRef = 6DF5574C27960F9200291FB2 /* MessengerCell.xib */; };
		6DF557592796140200291FB2 /* Extensions.swift in Sources */ = {isa = PBXBuildFile; fileRef = 6DF557582796140200291FB2 /* Extensions.swift */; };
		6DF5575C279614DE00291FB2 /* ChatModel.swift in Sources */ = {isa = PBXBuildFile; fileRef = 6DF5575B279614DE00291FB2 /* ChatModel.swift */; };
		6DF5575F2796161600291FB2 /* Constants.swift in Sources */ = {isa = PBXBuildFile; fileRef = 6DF5575E2796161600291FB2 /* Constants.swift */; };
		A0F5B1844FB108B79BCCA3E9 /* Pods_MessengerWithMVVM.framework in Frameworks */ = {isa = PBXBuildFile; fileRef = 2EBFAB7596E3A13757A8D1BC /* Pods_MessengerWithMVVM.framework */; };
/* End PBXBuildFile section */

/* Begin PBXFileReference section */
		2EBFAB7596E3A13757A8D1BC /* Pods_MessengerWithMVVM.framework */ = {isa = PBXFileReference; explicitFileType = wrapper.framework; includeInIndex = 0; path = Pods_MessengerWithMVVM.framework; sourceTree = BUILT_PRODUCTS_DIR; };
		6D03C8A327931320002FD9AF /* MessengerWithMVVM.app */ = {isa = PBXFileReference; explicitFileType = wrapper.application; includeInIndex = 0; path = MessengerWithMVVM.app; sourceTree = BUILT_PRODUCTS_DIR; };
		6D03C8A627931320002FD9AF /* AppDelegate.swift */ = {isa = PBXFileReference; lastKnownFileType = sourcecode.swift; path = AppDelegate.swift; sourceTree = "<group>"; };
		6D03C8A827931320002FD9AF /* SceneDelegate.swift */ = {isa = PBXFileReference; lastKnownFileType = sourcecode.swift; path = SceneDelegate.swift; sourceTree = "<group>"; };
		6D03C8AA27931320002FD9AF /* ViewController.swift */ = {isa = PBXFileReference; lastKnownFileType = sourcecode.swift; path = ViewController.swift; sourceTree = "<group>"; };
		6D03C8AF27931321002FD9AF /* Assets.xcassets */ = {isa = PBXFileReference; lastKnownFileType = folder.assetcatalog; path = Assets.xcassets; sourceTree = "<group>"; };
		6D03C8B227931321002FD9AF /* Base */ = {isa = PBXFileReference; lastKnownFileType = file.storyboard; name = Base; path = Base.lproj/LaunchScreen.storyboard; sourceTree = "<group>"; };
		6D03C8B427931321002FD9AF /* Info.plist */ = {isa = PBXFileReference; lastKnownFileType = text.plist.xml; path = Info.plist; sourceTree = "<group>"; };
		6D03C8C127931580002FD9AF /* MessengerListViewController.storyboard */ = {isa = PBXFileReference; lastKnownFileType = file.storyboard; path = MessengerListViewController.storyboard; sourceTree = "<group>"; };
		6D03C8C4279315A2002FD9AF /* MessengerListViewController.swift */ = {isa = PBXFileReference; lastKnownFileType = sourcecode.swift; path = MessengerListViewController.swift; sourceTree = "<group>"; };
		6D03C8CC27932B91002FD9AF /* MessengerCell.swift */ = {isa = PBXFileReference; lastKnownFileType = sourcecode.swift; path = MessengerCell.swift; sourceTree = "<group>"; };
		6D6A46B327970070003175D5 /* MessengerViewModel.swift */ = {isa = PBXFileReference; lastKnownFileType = sourcecode.swift; path = MessengerViewModel.swift; sourceTree = "<group>"; };
		6D7F9737279741D600C08E18 /* ChatViewController.storyboard */ = {isa = PBXFileReference; lastKnownFileType = file.storyboard; path = ChatViewController.storyboard; sourceTree = "<group>"; };
		6D7F973A279741F100C08E18 /* ChatViewController.swift */ = {isa = PBXFileReference; lastKnownFileType = sourcecode.swift; path = ChatViewController.swift; sourceTree = "<group>"; };
		6DF5574C27960F9200291FB2 /* MessengerCell.xib */ = {isa = PBXFileReference; fileEncoding = 4; lastKnownFileType = file.xib; path = MessengerCell.xib; sourceTree = "<group>"; };
		6DF557582796140200291FB2 /* Extensions.swift */ = {isa = PBXFileReference; lastKnownFileType = sourcecode.swift; path = Extensions.swift; sourceTree = "<group>"; };
		6DF5575B279614DE00291FB2 /* ChatModel.swift */ = {isa = PBXFileReference; lastKnownFileType = sourcecode.swift; path = ChatModel.swift; sourceTree = "<group>"; };
		6DF5575E2796161600291FB2 /* Constants.swift */ = {isa = PBXFileReference; lastKnownFileType = sourcecode.swift; path = Constants.swift; sourceTree = "<group>"; };
		F6F8EBC3142EF1055DD3C554 /* Pods-MessengerWithMVVM.debug.xcconfig */ = {isa = PBXFileReference; includeInIndex = 1; lastKnownFileType = text.xcconfig; name = "Pods-MessengerWithMVVM.debug.xcconfig"; path = "Target Support Files/Pods-MessengerWithMVVM/Pods-MessengerWithMVVM.debug.xcconfig"; sourceTree = "<group>"; };
		FEA1B6C60C8E5B4EFFEC1B9F /* Pods-MessengerWithMVVM.release.xcconfig */ = {isa = PBXFileReference; includeInIndex = 1; lastKnownFileType = text.xcconfig; name = "Pods-MessengerWithMVVM.release.xcconfig"; path = "Target Support Files/Pods-MessengerWithMVVM/Pods-MessengerWithMVVM.release.xcconfig"; sourceTree = "<group>"; };
/* End PBXFileReference section */

/* Begin PBXFrameworksBuildPhase section */
		6D03C8A027931320002FD9AF /* Frameworks */ = {
			isa = PBXFrameworksBuildPhase;
			buildActionMask = 2147483647;
			files = (
				A0F5B1844FB108B79BCCA3E9 /* Pods_MessengerWithMVVM.framework in Frameworks */,
			);
			runOnlyForDeploymentPostprocessing = 0;
		};
/* End PBXFrameworksBuildPhase section */

/* Begin PBXGroup section */
		3B024E2D55724A1B42F53472 /* Pods */ = {
			isa = PBXGroup;
			children = (
				F6F8EBC3142EF1055DD3C554 /* Pods-MessengerWithMVVM.debug.xcconfig */,
				FEA1B6C60C8E5B4EFFEC1B9F /* Pods-MessengerWithMVVM.release.xcconfig */,
			);
			path = Pods;
			sourceTree = "<group>";
		};
		6D03C89A27931320002FD9AF = {
			isa = PBXGroup;
			children = (
				6D03C8A527931320002FD9AF /* MessengerWithMVVM */,
				6D03C8A427931320002FD9AF /* Products */,
				3B024E2D55724A1B42F53472 /* Pods */,
				6EAF56F67266F7F7A1C245E3 /* Frameworks */,
			);
			sourceTree = "<group>";
		};
		6D03C8A427931320002FD9AF /* Products */ = {
			isa = PBXGroup;
			children = (
				6D03C8A327931320002FD9AF /* MessengerWithMVVM.app */,
			);
			name = Products;
			sourceTree = "<group>";
		};
		6D03C8A527931320002FD9AF /* MessengerWithMVVM */ = {
			isa = PBXGroup;
			children = (
				6D03C8BE279314B6002FD9AF /* Model */,
				6D03C8BF279314C2002FD9AF /* View */,
				6D03C8C0279314CE002FD9AF /* ViewModel */,
				6DF55757279613CE00291FB2 /* Helper */,
				6D03C8A627931320002FD9AF /* AppDelegate.swift */,
				6D03C8A827931320002FD9AF /* SceneDelegate.swift */,
				6D03C8AA27931320002FD9AF /* ViewController.swift */,
				6D03C8AF27931321002FD9AF /* Assets.xcassets */,
				6D03C8B127931321002FD9AF /* LaunchScreen.storyboard */,
				6D03C8B427931321002FD9AF /* Info.plist */,
			);
			path = MessengerWithMVVM;
			sourceTree = "<group>";
		};
		6D03C8BE279314B6002FD9AF /* Model */ = {
			isa = PBXGroup;
			children = (
				6DF5575B279614DE00291FB2 /* ChatModel.swift */,
			);
			path = Model;
			sourceTree = "<group>";
		};
		6D03C8BF279314C2002FD9AF /* View */ = {
			isa = PBXGroup;
			children = (
				6DF55C5127984240001C119D /* MessengerListViewController */,
				6D7F9736279741A100C08E18 /* ChatViewController */,
			);
			path = View;
			sourceTree = "<group>";
		};
		6D03C8C0279314CE002FD9AF /* ViewModel */ = {
			isa = PBXGroup;
			children = (
				6D6A46B327970070003175D5 /* MessengerViewModel.swift */,
			);
			path = ViewModel;
			sourceTree = "<group>";
		};
		6D7F9736279741A100C08E18 /* ChatViewController */ = {
			isa = PBXGroup;
			children = (
				6D7F9737279741D600C08E18 /* ChatViewController.storyboard */,
				6D7F973A279741F100C08E18 /* ChatViewController.swift */,
			);
			path = ChatViewController;
			sourceTree = "<group>";
		};
		6DF55757279613CE00291FB2 /* Helper */ = {
			isa = PBXGroup;
			children = (
				6DF557582796140200291FB2 /* Extensions.swift */,
				6DF5575E2796161600291FB2 /* Constants.swift */,
			);
			path = Helper;
			sourceTree = "<group>";
		};
		6DF55C5127984240001C119D /* MessengerListViewController */ = {
			isa = PBXGroup;
			children = (
				6D03C8C127931580002FD9AF /* MessengerListViewController.storyboard */,
				6D03C8C4279315A2002FD9AF /* MessengerListViewController.swift */,
				6DF5574C27960F9200291FB2 /* MessengerCell.xib */,
				6D03C8CC27932B91002FD9AF /* MessengerCell.swift */,
			);
			path = MessengerListViewController;
			sourceTree = "<group>";
		};
		6EAF56F67266F7F7A1C245E3 /* Frameworks */ = {
			isa = PBXGroup;
			children = (
				2EBFAB7596E3A13757A8D1BC /* Pods_MessengerWithMVVM.framework */,
			);
			name = Frameworks;
			sourceTree = "<group>";
		};
/* End PBXGroup section */

/* Begin PBXNativeTarget section */
		6D03C8A227931320002FD9AF /* MessengerWithMVVM */ = {
			isa = PBXNativeTarget;
			buildConfigurationList = 6D03C8B727931321002FD9AF /* Build configuration list for PBXNativeTarget "MessengerWithMVVM" */;
			buildPhases = (
				D60E54FB85DB8A6F43EF0291 /* [CP] Check Pods Manifest.lock */,
				6D03C89F27931320002FD9AF /* Sources */,
				6D03C8A027931320002FD9AF /* Frameworks */,
				6D03C8A127931320002FD9AF /* Resources */,
				224106CCFCADDA70F3532C5B /* [CP] Embed Pods Frameworks */,
			);
			buildRules = (
			);
			dependencies = (
			);
			name = MessengerWithMVVM;
			productName = MessengerWithMVVM;
			productReference = 6D03C8A327931320002FD9AF /* MessengerWithMVVM.app */;
			productType = "com.apple.product-type.application";
		};
/* End PBXNativeTarget section */

/* Begin PBXProject section */
		6D03C89B27931320002FD9AF /* Project object */ = {
			isa = PBXProject;
			attributes = {
				LastSwiftUpdateCheck = 1240;
				LastUpgradeCheck = 1240;
				TargetAttributes = {
					6D03C8A227931320002FD9AF = {
						CreatedOnToolsVersion = 12.4;
					};
				};
			};
			buildConfigurationList = 6D03C89E27931320002FD9AF /* Build configuration list for PBXProject "MessengerWithMVVM" */;
			compatibilityVersion = "Xcode 9.3";
			developmentRegion = en;
			hasScannedForEncodings = 0;
			knownRegions = (
				en,
				Base,
			);
			mainGroup = 6D03C89A27931320002FD9AF;
			productRefGroup = 6D03C8A427931320002FD9AF /* Products */;
			projectDirPath = "";
			projectRoot = "";
			targets = (
				6D03C8A227931320002FD9AF /* MessengerWithMVVM */,
			);
		};
/* End PBXProject section */

/* Begin PBXResourcesBuildPhase section */
		6D03C8A127931320002FD9AF /* Resources */ = {
			isa = PBXResourcesBuildPhase;
			buildActionMask = 2147483647;
			files = (
				6D7F9738279741D600C08E18 /* ChatViewController.storyboard in Resources */,
				6D03C8B327931321002FD9AF /* LaunchScreen.storyboard in Resources */,
				6D03C8C227931580002FD9AF /* MessengerListViewController.storyboard in Resources */,
				6D03C8B027931321002FD9AF /* Assets.xcassets in Resources */,
				6DF5574D27960F9200291FB2 /* MessengerCell.xib in Resources */,
			);
			runOnlyForDeploymentPostprocessing = 0;
		};
/* End PBXResourcesBuildPhase section */

/* Begin PBXShellScriptBuildPhase section */
		224106CCFCADDA70F3532C5B /* [CP] Embed Pods Frameworks */ = {
			isa = PBXShellScriptBuildPhase;
			buildActionMask = 2147483647;
			files = (
			);
			inputFileListPaths = (
				"${PODS_ROOT}/Target Support Files/Pods-MessengerWithMVVM/Pods-MessengerWithMVVM-frameworks-${CONFIGURATION}-input-files.xcfilelist",
			);
			name = "[CP] Embed Pods Frameworks";
			outputFileListPaths = (
				"${PODS_ROOT}/Target Support Files/Pods-MessengerWithMVVM/Pods-MessengerWithMVVM-frameworks-${CONFIGURATION}-output-files.xcfilelist",
			);
			runOnlyForDeploymentPostprocessing = 0;
			shellPath = /bin/sh;
			shellScript = "\"${PODS_ROOT}/Target Support Files/Pods-MessengerWithMVVM/Pods-MessengerWithMVVM-frameworks.sh\"\n";
			showEnvVarsInLog = 0;
		};
		D60E54FB85DB8A6F43EF0291 /* [CP] Check Pods Manifest.lock */ = {
			isa = PBXShellScriptBuildPhase;
			buildActionMask = 2147483647;
			files = (
			);
			inputFileListPaths = (
			);
			inputPaths = (
				"${PODS_PODFILE_DIR_PATH}/Podfile.lock",
				"${PODS_ROOT}/Manifest.lock",
			);
			name = "[CP] Check Pods Manifest.lock";
			outputFileListPaths = (
			);
			outputPaths = (
				"$(DERIVED_FILE_DIR)/Pods-MessengerWithMVVM-checkManifestLockResult.txt",
			);
			runOnlyForDeploymentPostprocessing = 0;
			shellPath = /bin/sh;
			shellScript = "diff \"${PODS_PODFILE_DIR_PATH}/Podfile.lock\" \"${PODS_ROOT}/Manifest.lock\" > /dev/null\nif [ $? != 0 ] ; then\n    # print error to STDERR\n    echo \"error: The sandbox is not in sync with the Podfile.lock. Run 'pod install' or update your CocoaPods installation.\" >&2\n    exit 1\nfi\n# This output is used by Xcode 'outputs' to avoid re-running this script phase.\necho \"SUCCESS\" > \"${SCRIPT_OUTPUT_FILE_0}\"\n";
			showEnvVarsInLog = 0;
		};
/* End PBXShellScriptBuildPhase section */

/* Begin PBXSourcesBuildPhase section */
		6D03C89F27931320002FD9AF /* Sources */ = {
			isa = PBXSourcesBuildPhase;
			buildActionMask = 2147483647;
			files = (
				6D03C8C5279315A2002FD9AF /* MessengerListViewController.swift in Sources */,
				6DF557592796140200291FB2 /* Extensions.swift in Sources */,
				6D03C8CD27932B91002FD9AF /* MessengerCell.swift in Sources */,
				6DF5575C279614DE00291FB2 /* ChatModel.swift in Sources */,
				6D6A46B427970070003175D5 /* MessengerViewModel.swift in Sources */,
				6D03C8AB27931320002FD9AF /* ViewController.swift in Sources */,
				6D03C8A727931320002FD9AF /* AppDelegate.swift in Sources */,
				6D03C8A927931320002FD9AF /* SceneDelegate.swift in Sources */,
				6D7F973B279741F100C08E18 /* ChatViewController.swift in Sources */,
				6DF5575F2796161600291FB2 /* Constants.swift in Sources */,
			);
			runOnlyForDeploymentPostprocessing = 0;
		};
/* End PBXSourcesBuildPhase section */

/* Begin PBXVariantGroup section */
		6D03C8B127931321002FD9AF /* LaunchScreen.storyboard */ = {
			isa = PBXVariantGroup;
			children = (
				6D03C8B227931321002FD9AF /* Base */,
			);
			name = LaunchScreen.storyboard;
			sourceTree = "<group>";
		};
/* End PBXVariantGroup section */

/* Begin XCBuildConfiguration section */
		6D03C8B527931321002FD9AF /* Debug */ = {
			isa = XCBuildConfiguration;
			buildSettings = {
				ALWAYS_SEARCH_USER_PATHS = NO;
				CLANG_ANALYZER_NONNULL = YES;
				CLANG_ANALYZER_NUMBER_OBJECT_CONVERSION = YES_AGGRESSIVE;
				CLANG_CXX_LANGUAGE_STANDARD = "gnu++14";
				CLANG_CXX_LIBRARY = "libc++";
				CLANG_ENABLE_MODULES = YES;
				CLANG_ENABLE_OBJC_ARC = YES;
				CLANG_ENABLE_OBJC_WEAK = YES;
				CLANG_WARN_BLOCK_CAPTURE_AUTORELEASING = YES;
				CLANG_WARN_BOOL_CONVERSION = YES;
				CLANG_WARN_COMMA = YES;
				CLANG_WARN_CONSTANT_CONVERSION = YES;
				CLANG_WARN_DEPRECATED_OBJC_IMPLEMENTATIONS = YES;
				CLANG_WARN_DIRECT_OBJC_ISA_USAGE = YES_ERROR;
				CLANG_WARN_DOCUMENTATION_COMMENTS = YES;
				CLANG_WARN_EMPTY_BODY = YES;
				CLANG_WARN_ENUM_CONVERSION = YES;
				CLANG_WARN_INFINITE_RECURSION = YES;
				CLANG_WARN_INT_CONVERSION = YES;
				CLANG_WARN_NON_LITERAL_NULL_CONVERSION = YES;
				CLANG_WARN_OBJC_IMPLICIT_RETAIN_SELF = YES;
				CLANG_WARN_OBJC_LITERAL_CONVERSION = YES;
				CLANG_WARN_OBJC_ROOT_CLASS = YES_ERROR;
				CLANG_WARN_QUOTED_INCLUDE_IN_FRAMEWORK_HEADER = YES;
				CLANG_WARN_RANGE_LOOP_ANALYSIS = YES;
				CLANG_WARN_STRICT_PROTOTYPES = YES;
				CLANG_WARN_SUSPICIOUS_MOVE = YES;
				CLANG_WARN_UNGUARDED_AVAILABILITY = YES_AGGRESSIVE;
				CLANG_WARN_UNREACHABLE_CODE = YES;
				CLANG_WARN__DUPLICATE_METHOD_MATCH = YES;
				COPY_PHASE_STRIP = NO;
				DEBUG_INFORMATION_FORMAT = dwarf;
				ENABLE_STRICT_OBJC_MSGSEND = YES;
				ENABLE_TESTABILITY = YES;
				GCC_C_LANGUAGE_STANDARD = gnu11;
				GCC_DYNAMIC_NO_PIC = NO;
				GCC_NO_COMMON_BLOCKS = YES;
				GCC_OPTIMIZATION_LEVEL = 0;
				GCC_PREPROCESSOR_DEFINITIONS = (
					"DEBUG=1",
					"$(inherited)",
				);
				GCC_WARN_64_TO_32_BIT_CONVERSION = YES;
				GCC_WARN_ABOUT_RETURN_TYPE = YES_ERROR;
				GCC_WARN_UNDECLARED_SELECTOR = YES;
				GCC_WARN_UNINITIALIZED_AUTOS = YES_AGGRESSIVE;
				GCC_WARN_UNUSED_FUNCTION = YES;
				GCC_WARN_UNUSED_VARIABLE = YES;
				IPHONEOS_DEPLOYMENT_TARGET = 14.4;
				MTL_ENABLE_DEBUG_INFO = INCLUDE_SOURCE;
				MTL_FAST_MATH = YES;
				ONLY_ACTIVE_ARCH = YES;
				SDKROOT = iphoneos;
				SWIFT_ACTIVE_COMPILATION_CONDITIONS = DEBUG;
				SWIFT_OPTIMIZATION_LEVEL = "-Onone";
			};
			name = Debug;
		};
		6D03C8B627931321002FD9AF /* Release */ = {
			isa = XCBuildConfiguration;
			buildSettings = {
				ALWAYS_SEARCH_USER_PATHS = NO;
				CLANG_ANALYZER_NONNULL = YES;
				CLANG_ANALYZER_NUMBER_OBJECT_CONVERSION = YES_AGGRESSIVE;
				CLANG_CXX_LANGUAGE_STANDARD = "gnu++14";
				CLANG_CXX_LIBRARY = "libc++";
				CLANG_ENABLE_MODULES = YES;
				CLANG_ENABLE_OBJC_ARC = YES;
				CLANG_ENABLE_OBJC_WEAK = YES;
				CLANG_WARN_BLOCK_CAPTURE_AUTORELEASING = YES;
				CLANG_WARN_BOOL_CONVERSION = YES;
				CLANG_WARN_COMMA = YES;
				CLANG_WARN_CONSTANT_CONVERSION = YES;
				CLANG_WARN_DEPRECATED_OBJC_IMPLEMENTATIONS = YES;
				CLANG_WARN_DIRECT_OBJC_ISA_USAGE = YES_ERROR;
				CLANG_WARN_DOCUMENTATION_COMMENTS = YES;
				CLANG_WARN_EMPTY_BODY = YES;
				CLANG_WARN_ENUM_CONVERSION = YES;
				CLANG_WARN_INFINITE_RECURSION = YES;
				CLANG_WARN_INT_CONVERSION = YES;
				CLANG_WARN_NON_LITERAL_NULL_CONVERSION = YES;
				CLANG_WARN_OBJC_IMPLICIT_RETAIN_SELF = YES;
				CLANG_WARN_OBJC_LITERAL_CONVERSION = YES;
				CLANG_WARN_OBJC_ROOT_CLASS = YES_ERROR;
				CLANG_WARN_QUOTED_INCLUDE_IN_FRAMEWORK_HEADER = YES;
				CLANG_WARN_RANGE_LOOP_ANALYSIS = YES;
				CLANG_WARN_STRICT_PROTOTYPES = YES;
				CLANG_WARN_SUSPICIOUS_MOVE = YES;
				CLANG_WARN_UNGUARDED_AVAILABILITY = YES_AGGRESSIVE;
				CLANG_WARN_UNREACHABLE_CODE = YES;
				CLANG_WARN__DUPLICATE_METHOD_MATCH = YES;
				COPY_PHASE_STRIP = NO;
				DEBUG_INFORMATION_FORMAT = "dwarf-with-dsym";
				ENABLE_NS_ASSERTIONS = NO;
				ENABLE_STRICT_OBJC_MSGSEND = YES;
				GCC_C_LANGUAGE_STANDARD = gnu11;
				GCC_NO_COMMON_BLOCKS = YES;
				GCC_WARN_64_TO_32_BIT_CONVERSION = YES;
				GCC_WARN_ABOUT_RETURN_TYPE = YES_ERROR;
				GCC_WARN_UNDECLARED_SELECTOR = YES;
				GCC_WARN_UNINITIALIZED_AUTOS = YES_AGGRESSIVE;
				GCC_WARN_UNUSED_FUNCTION = YES;
				GCC_WARN_UNUSED_VARIABLE = YES;
				IPHONEOS_DEPLOYMENT_TARGET = 14.4;
				MTL_ENABLE_DEBUG_INFO = NO;
				MTL_FAST_MATH = YES;
				SDKROOT = iphoneos;
				SWIFT_COMPILATION_MODE = wholemodule;
				SWIFT_OPTIMIZATION_LEVEL = "-O";
				VALIDATE_PRODUCT = YES;
			};
			name = Release;
		};
		6D03C8B827931321002FD9AF /* Debug */ = {
			isa = XCBuildConfiguration;
			baseConfigurationReference = F6F8EBC3142EF1055DD3C554 /* Pods-MessengerWithMVVM.debug.xcconfig */;
			buildSettings = {
				ASSETCATALOG_COMPILER_APPICON_NAME = AppIcon;
				ASSETCATALOG_COMPILER_GLOBAL_ACCENT_COLOR_NAME = AccentColor;
				CODE_SIGN_STYLE = Automatic;
				DEVELOPMENT_TEAM = Z8KY5L9DLG;
				INFOPLIST_FILE = MessengerWithMVVM/Info.plist;
				LD_RUNPATH_SEARCH_PATHS = (
					"$(inherited)",
					"@executable_path/Frameworks",
				);
				PRODUCT_BUNDLE_IDENTIFIER = ShimaaKhairy.MessengerWithMVVM;
				PRODUCT_NAME = "$(TARGET_NAME)";
				SWIFT_VERSION = 5.0;
				TARGETED_DEVICE_FAMILY = "1,2";
			};
			name = Debug;
		};
		6D03C8B927931321002FD9AF /* Release */ = {
			isa = XCBuildConfiguration;
			baseConfigurationReference = FEA1B6C60C8E5B4EFFEC1B9F /* Pods-MessengerWithMVVM.release.xcconfig */;
			buildSettings = {
				ASSETCATALOG_COMPILER_APPICON_NAME = AppIcon;
				ASSETCATALOG_COMPILER_GLOBAL_ACCENT_COLOR_NAME = AccentColor;
				CODE_SIGN_STYLE = Automatic;
				DEVELOPMENT_TEAM = Z8KY5L9DLG;
				INFOPLIST_FILE = MessengerWithMVVM/Info.plist;
				LD_RUNPATH_SEARCH_PATHS = (
					"$(inherited)",
					"@executable_path/Frameworks",
				);
				PRODUCT_BUNDLE_IDENTIFIER = ShimaaKhairy.MessengerWithMVVM;
				PRODUCT_NAME = "$(TARGET_NAME)";
				SWIFT_VERSION = 5.0;
				TARGETED_DEVICE_FAMILY = "1,2";
			};
			name = Release;
		};
/* End XCBuildConfiguration section */

/* Begin XCConfigurationList section */
		6D03C89E27931320002FD9AF /* Build configuration list for PBXProject "MessengerWithMVVM" */ = {
			isa = XCConfigurationList;
			buildConfigurations = (
				6D03C8B527931321002FD9AF /* Debug */,
				6D03C8B627931321002FD9AF /* Release */,
			);
			defaultConfigurationIsVisible = 0;
			defaultConfigurationName = Release;
		};
		6D03C8B727931321002FD9AF /* Build configuration list for PBXNativeTarget "MessengerWithMVVM" */ = {
			isa = XCConfigurationList;
			buildConfigurations = (
				6D03C8B827931321002FD9AF /* Debug */,
				6D03C8B927931321002FD9AF /* Release */,
			);
			defaultConfigurationIsVisible = 0;
			defaultConfigurationName = Release;
		};
/* End XCConfigurationList section */
	};
	rootObject = 6D03C89B27931320002FD9AF /* Project object */;
}
